# The exact names the bundled font was generated from, and the font it produced.
# Regenerate both together — see the instructions at the top of icon-subset.txt.
# font-sha256 45f2d78fba946980839669d2552135d159c314de1e8b6c1c2b2b949c22496d68
account_balance
account_balance_wallet
account_tree
activity
add
add_task
api
approval
approvals
apps
arrow_back
arrow_downward
arrow_drop_down
arrow_drop_up
arrow_forward
arrow_upward
article
assessment
assignment_turned_in
assistant
attach_file
auto
auto_awesome
auto_stories
badge
block
bolt
bookmark
bookmark_add
btn
bulk_dialler
bulk_owner
bulk_stage
bulk_whatsapp
button
cable
calendar
calendar_month
call
campaign
campaigns
candlestick_chart
capture
card
cards
case
category
ccm
chat
check
check_circle
chevron_right
clients
close
cloud_done
cloud_off
code
construction
contact
content
content_copy
count
currency_exchange
dark
dark_mode
dashboard
dashboards
database
deal
delete
delete_sweep
description
details
dialler
dialpad
done
download
draw
duplicate
edit
edit_note
email
encrypted
error
event
event_upcoming
expand_less
expand_more
explore
eyebrow
fact_check
family_restroom
feature
filter_alt
flag
folder
format_bold
format_clear
format_italic
format_list_bulleted
format_list_numbered
format_underlined
forum
forward
gavel
group
group_add
groups
handshake
headset_mic
health_and_safety
help
home
hourglass_empty
incentives
info
insights
interests
inventory
inventory_2
key
kra
kyc
lab_profile
label
leaderboard
leads
light
light_mode
lightbulb
link
list
lists
local_fire_department
location_on
lock
logout
mail
manage
market
marketing
menu
merge
message
mobile
mode
monitoring
more_horiz
more_vert
navigation
neurology
note
notes
oil_barrel
open_in_new
overview
owner
partners
password
pause
pause_circle
payments
pending
people
percent
person
person_add
person_pin
phone
phone_callback
phone_disabled
phone_in_talk
phone_missed
pick
picture_as_pdf
pie_chart
pipeline
play_arrow
play_circle
playlist_add
preview
priority
priority_high
product_cards
products
public
public_off
radio
radio_button_checked
radio_button_unchecked
reassign
receipt_long
recent_actors
record
remove
reply
reports
resume
revenue
route
rule
rupees
savings
schedule
school
search
segment
select
send
send_and_archive
sentiment_satisfied
service
settings
settings_account_box
setup
shield
shield_lock
shield_person
shopping_basket
slideshow
smart_toy
sms
soon
source
space_dashboard
stack
stage
sticky_note_2
subject
support
support_agent
swap_horiz
swap_vert
sync
tab
table
tabs
target
task
task_alt
tasks
team
test
tickets
timeline
title
toolbar
trending_down
trending_flat
trending_up
unsubscribe
upgrade
uppercase
user
user_or_queue
verified
verified_user
view_kanban
visibility
visibility_off
warn
warning
weight
whatsapp
